
Microsoft Visual Studio Solution File, Format Version 12.00
# Visual Studio Version 17
VisualStudioVersion = 17.3.32922.545
MinimumVisualStudioVersion = 10.0.40219.1
Project("{FAE04EC0-301F-11D3-BF4B-00C04F79EFBC}") = "RestApi_14_03", "RestApi_14_03\RestApi_14_03.csproj", "{B7B98639-2F57-4AEA-AD2C-B2A1860EB6A3}"
EndProject
Global
	GlobalSection(SolutionConfigurationPlatforms) = preSolution
		Debug|Any CPU = Debug|Any CPU
		Release|Any CPU = Release|Any CPU
	EndGlobalSection
	GlobalSection(ProjectConfigurationPlatforms) = postSolution
		{B7B98639-2F57-4AEA-AD2C-B2A1860EB6A3}.Debug|Any CPU.ActiveCfg = Debug|Any CPU
		{B7B98639-2F57-4AEA-AD2C-B2A1860EB6A3}.Debug|Any CPU.Build.0 = Debug|Any CPU
		{B7B98639-2F57-4AEA-AD2C-B2A1860EB6A3}.Release|Any CPU.ActiveCfg = Release|Any CPU
		{B7B98639-2F57-4AEA-AD2C-B2A1860EB6A3}.Release|Any CPU.Build.0 = Release|Any CPU
	EndGlobalSection
	GlobalSection(SolutionProperties) = preSolution
		HideSolutionNode = FALSE
	EndGlobalSection
	GlobalSection(ExtensibilityGlobals) = postSolution
		SolutionGuid = {426E68AE-AD83-4CB7-878B-12B6D8079E2E}
	EndGlobalSection
EndGlobal
